
Microsoft Visual Studio Solution File, Format Version 12.00
# Visual Studio Version 17
VisualStudioVersion = 17.3.32901.215
MinimumVisualStudioVersion = 10.0.40219.1
Project("{8BC9CEB8-8B4A-11D0-8D11-00A0C91BC942}") = "Max", "Max\Max.vcxproj", "{EED73FB0-85E6-4FB6-939D-E806342C6CFF}"
EndProject
Project("{8BC9CEB8-8B4A-11D0-8D11-00A0C91BC942}") = "Reb", "Reb\Reb.vcxproj", "{D3199F19-86AA-4C0C-A657-F7617C8330FA}"
EndProject
Global
	GlobalSection(SolutionConfigurationPlatforms) = preSolution
		Debug|x64 = Debug|x64
		Debug|x86 = Debug|x86
		Release|x64 = Release|x64
		Release|x86 = Release|x86
	EndGlobalSection
	GlobalSection(ProjectConfigurationPlatforms) = postSolution
		{EED73FB0-85E6-4FB6-939D-E806342C6CFF}.Debug|x64.ActiveCfg = Debug|x64
		{EED73FB0-85E6-4FB6-939D-E806342C6CFF}.Debug|x64.Build.0 = Debug|x64
		{EED73FB0-85E6-4FB6-939D-E806342C6CFF}.Debug|x86.ActiveCfg = Debug|Win32
		{EED73FB0-85E6-4FB6-939D-E806342C6CFF}.Debug|x86.Build.0 = Debug|Win32
		{EED73FB0-85E6-4FB6-939D-E806342C6CFF}.Release|x64.ActiveCfg = Release|x64
		{EED73FB0-85E6-4FB6-939D-E806342C6CFF}.Release|x64.Build.0 = Release|x64
		{EED73FB0-85E6-4FB6-939D-E806342C6CFF}.Release|x86.ActiveCfg = Release|Win32
		{EED73FB0-85E6-4FB6-939D-E806342C6CFF}.Release|x86.Build.0 = Release|Win32
		{D3199F19-86AA-4C0C-A657-F7617C8330FA}.Debug|x64.ActiveCfg = Debug|x64
		{D3199F19-86AA-4C0C-A657-F7617C8330FA}.Debug|x64.Build.0 = Debug|x64
		{D3199F19-86AA-4C0C-A657-F7617C8330FA}.Debug|x86.ActiveCfg = Debug|Win32
		{D3199F19-86AA-4C0C-A657-F7617C8330FA}.Debug|x86.Build.0 = Debug|Win32
		{D3199F19-86AA-4C0C-A657-F7617C8330FA}.Release|x64.ActiveCfg = Release|x64
		{D3199F19-86AA-4C0C-A657-F7617C8330FA}.Release|x64.Build.0 = Release|x64
		{D3199F19-86AA-4C0C-A657-F7617C8330FA}.Release|x86.ActiveCfg = Release|Win32
		{D3199F19-86AA-4C0C-A657-F7617C8330FA}.Release|x86.Build.0 = Release|Win32
	EndGlobalSection
	GlobalSection(SolutionProperties) = preSolution
		HideSolutionNode = FALSE
	EndGlobalSection
	GlobalSection(ExtensibilityGlobals) = postSolution
		SolutionGuid = {82B1DBC8-6561-4FE8-8817-B275EFD64617}
	EndGlobalSection
EndGlobal
